# This file was autogenerated by Stack.
# You should not edit this file by hand.
# For more information, please see the documentation at:
#   https://docs.haskellstack.org/en/stable/lock_files

packages: []
snapshots:
- completed:
    size: 612911
    url: https://raw.githubusercontent.com/commercialhaskell/stackage-snapshots/master/nightly/2022/6/17.yaml
    sha256: 3d05f99c0504845bd62d28a5613dfd7a5e77af92b9f373f7faeb1c20d8e97c30
  original: nightly-2022-06-17
